
Microsoft Visual Studio Solution File, Format Version 12.00
# Visual Studio Version 16
VisualStudioVersion = 16.0.808.6
MinimumVisualStudioVersion = 10.0.40219.1
Project("{FAE04EC0-301F-11D3-BF4B-00C04F79EFBC}") = "Assignment-1", "Assignment-1\Assignment-1.csproj", "{59D19B31-55D6-451A-B02C-58FAD8650680}"
EndProject
Global
	GlobalSection(SolutionConfigurationPlatforms) = preSolution
		Debug|Any CPU = Debug|Any CPU
		Release|Any CPU = Release|Any CPU
	EndGlobalSection
	GlobalSection(ProjectConfigurationPlatforms) = postSolution
		{59D19B31-55D6-451A-B02C-58FAD8650680}.Debug|Any CPU.ActiveCfg = Debug|Any CPU
		{59D19B31-55D6-451A-B02C-58FAD8650680}.Debug|Any CPU.Build.0 = Debug|Any CPU
		{59D19B31-55D6-451A-B02C-58FAD8650680}.Release|Any CPU.ActiveCfg = Release|Any CPU
		{59D19B31-55D6-451A-B02C-58FAD8650680}.Release|Any CPU.Build.0 = Release|Any CPU
	EndGlobalSection
	GlobalSection(SolutionProperties) = preSolution
		HideSolutionNode = FALSE
	EndGlobalSection
	GlobalSection(ExtensibilityGlobals) = postSolution
		SolutionGuid = {6BC5C490-5B50-43E4-8721-6AA110811303}
	EndGlobalSection
EndGlobal
